
Microsoft Visual Studio Solution File, Format Version 12.00
# Visual Studio Version 17
VisualStudioVersion = 17.13.35828.75 d17.13
MinimumVisualStudioVersion = 10.0.40219.1
Project("{FAE04EC0-301F-11D3-BF4B-00C04F79EFBC}") = "CineTrack", "CineTrack\CineTrack.csproj", "{CCCDF6CB-3803-4216-AECA-FE9671DD0586}"
EndProject
Global
	GlobalSection(SolutionConfigurationPlatforms) = preSolution
		Debug|Any CPU = Debug|Any CPU
		Release|Any CPU = Release|Any CPU
	EndGlobalSection
	GlobalSection(ProjectConfigurationPlatforms) = postSolution
		{CCCDF6CB-3803-4216-AECA-FE9671DD0586}.Debug|Any CPU.ActiveCfg = Debug|Any CPU
		{CCCDF6CB-3803-4216-AECA-FE9671DD0586}.Debug|Any CPU.Build.0 = Debug|Any CPU
		{CCCDF6CB-3803-4216-AECA-FE9671DD0586}.Release|Any CPU.ActiveCfg = Release|Any CPU
		{CCCDF6CB-3803-4216-AECA-FE9671DD0586}.Release|Any CPU.Build.0 = Release|Any CPU
	EndGlobalSection
	GlobalSection(SolutionProperties) = preSolution
		HideSolutionNode = FALSE
	EndGlobalSection
	GlobalSection(ExtensibilityGlobals) = postSolution
		SolutionGuid = {38BB24A6-EFB4-4D6D-9FF5-542D4608F757}
	EndGlobalSection
EndGlobal
